
Microsoft Visual Studio Solution File, Format Version 12.00
# Visual Studio 15
VisualStudioVersion = 15.0.26430.16
MinimumVisualStudioVersion = 10.0.40219.1
Project("{FAE04EC0-301F-11D3-BF4B-00C04F79EFBC}") = "Gateway.Android", "Gateway\Gateway.Android\Gateway.Android.csproj", "{D0F7E6CB-FAD5-48AC-A8E8-AD8A30C5B758}"
EndProject
Project("{FAE04EC0-301F-11D3-BF4B-00C04F79EFBC}") = "Gateway.iOS", "Gateway\Gateway.iOS\Gateway.iOS.csproj", "{AA68D089-CC14-4C9F-8B35-FD2B69D0545C}"
EndProject
Project("{D954291E-2A0B-460D-934E-DC6B0785DB48}") = "Gateway", "Gateway\Gateway\Gateway.shproj", "{FCA72A81-63D6-443B-BB53-F09591B59050}"
EndProject
Global
	GlobalSection(SharedMSBuildProjectFiles) = preSolution
		Gateway\Gateway\Gateway.projitems*{fca72a81-63d6-443b-bb53-f09591b59050}*SharedItemsImports = 13
	EndGlobalSection
	GlobalSection(SolutionConfigurationPlatforms) = preSolution
		Debug|Any CPU = Debug|Any CPU
		Debug|iPhone = Debug|iPhone
		Debug|iPhoneSimulator = Debug|iPhoneSimulator
		Release|Any CPU = Release|Any CPU
		Release|iPhone = Release|iPhone
		Release|iPhoneSimulator = Release|iPhoneSimulator
	EndGlobalSection
	GlobalSection(ProjectConfigurationPlatforms) = postSolution
		{D0F7E6CB-FAD5-48AC-A8E8-AD8A30C5B758}.Debug|Any CPU.ActiveCfg = Debug|Any CPU
		{D0F7E6CB-FAD5-48AC-A8E8-AD8A30C5B758}.Debug|Any CPU.Build.0 = Debug|Any CPU
		{D0F7E6CB-FAD5-48AC-A8E8-AD8A30C5B758}.Debug|Any CPU.Deploy.0 = Debug|Any CPU
		{D0F7E6CB-FAD5-48AC-A8E8-AD8A30C5B758}.Debug|iPhone.ActiveCfg = Debug|Any CPU
		{D0F7E6CB-FAD5-48AC-A8E8-AD8A30C5B758}.Debug|iPhone.Build.0 = Debug|Any CPU
		{D0F7E6CB-FAD5-48AC-A8E8-AD8A30C5B758}.Debug|iPhone.Deploy.0 = Debug|Any CPU
		{D0F7E6CB-FAD5-48AC-A8E8-AD8A30C5B758}.Debug|iPhoneSimulator.ActiveCfg = Debug|Any CPU
		{D0F7E6CB-FAD5-48AC-A8E8-AD8A30C5B758}.Debug|iPhoneSimulator.Build.0 = Debug|Any CPU
		{D0F7E6CB-FAD5-48AC-A8E8-AD8A30C5B758}.Debug|iPhoneSimulator.Deploy.0 = Debug|Any CPU
		{D0F7E6CB-FAD5-48AC-A8E8-AD8A30C5B758}.Release|Any CPU.ActiveCfg = Release|Any CPU
		{D0F7E6CB-FAD5-48AC-A8E8-AD8A30C5B758}.Release|Any CPU.Build.0 = Release|Any CPU
		{D0F7E6CB-FAD5-48AC-A8E8-AD8A30C5B758}.Release|Any CPU.Deploy.0 = Release|Any CPU
		{D0F7E6CB-FAD5-48AC-A8E8-AD8A30C5B758}.Release|iPhone.ActiveCfg = Release|Any CPU
		{D0F7E6CB-FAD5-48AC-A8E8-AD8A30C5B758}.Release|iPhone.Build.0 = Release|Any CPU
		{D0F7E6CB-FAD5-48AC-A8E8-AD8A30C5B758}.Release|iPhone.Deploy.0 = Release|Any CPU
		{D0F7E6CB-FAD5-48AC-A8E8-AD8A30C5B758}.Release|iPhoneSimulator.ActiveCfg = Release|Any CPU
		{D0F7E6CB-FAD5-48AC-A8E8-AD8A30C5B758}.Release|iPhoneSimulator.Build.0 = Release|Any CPU
		{D0F7E6CB-FAD5-48AC-A8E8-AD8A30C5B758}.Release|iPhoneSimulator.Deploy.0 = Release|Any CPU
		{AA68D089-CC14-4C9F-8B35-FD2B69D0545C}.Debug|Any CPU.ActiveCfg = Debug|iPhone
		{AA68D089-CC14-4C9F-8B35-FD2B69D0545C}.Debug|iPhone.ActiveCfg = Debug|iPhone
		{AA68D089-CC14-4C9F-8B35-FD2B69D0545C}.Debug|iPhone.Build.0 = Debug|iPhone
		{AA68D089-CC14-4C9F-8B35-FD2B69D0545C}.Debug|iPhoneSimulator.ActiveCfg = Debug|iPhoneSimulator
		{AA68D089-CC14-4C9F-8B35-FD2B69D0545C}.Debug|iPhoneSimulator.Build.0 = Debug|iPhoneSimulator
		{AA68D089-CC14-4C9F-8B35-FD2B69D0545C}.Release|Any CPU.ActiveCfg = Release|iPhone
		{AA68D089-CC14-4C9F-8B35-FD2B69D0545C}.Release|iPhone.ActiveCfg = Release|iPhone
		{AA68D089-CC14-4C9F-8B35-FD2B69D0545C}.Release|iPhone.Build.0 = Release|iPhone
		{AA68D089-CC14-4C9F-8B35-FD2B69D0545C}.Release|iPhoneSimulator.ActiveCfg = Release|iPhoneSimulator
		{AA68D089-CC14-4C9F-8B35-FD2B69D0545C}.Release|iPhoneSimulator.Build.0 = Release|iPhoneSimulator
	EndGlobalSection
	GlobalSection(SolutionProperties) = preSolution
		HideSolutionNode = FALSE
	EndGlobalSection
EndGlobal
